
Microsoft Visual Studio Solution File, Format Version 12.00
# Visual Studio Version 16
VisualStudioVersion = 16.0.31729.503
MinimumVisualStudioVersion = 10.0.40219.1
Project("{FAE04EC0-301F-11D3-BF4B-00C04F79EFBC}") = "LagrangeInterpolacio", "LagrangeInterpolacio\LagrangeInterpolacio.csproj", "{76032882-581C-4E84-9404-3AD6A98407C3}"
EndProject
Global
	GlobalSection(SolutionConfigurationPlatforms) = preSolution
		Debug|Any CPU = Debug|Any CPU
		Release|Any CPU = Release|Any CPU
	EndGlobalSection
	GlobalSection(ProjectConfigurationPlatforms) = postSolution
		{76032882-581C-4E84-9404-3AD6A98407C3}.Debug|Any CPU.ActiveCfg = Debug|Any CPU
		{76032882-581C-4E84-9404-3AD6A98407C3}.Debug|Any CPU.Build.0 = Debug|Any CPU
		{76032882-581C-4E84-9404-3AD6A98407C3}.Release|Any CPU.ActiveCfg = Release|Any CPU
		{76032882-581C-4E84-9404-3AD6A98407C3}.Release|Any CPU.Build.0 = Release|Any CPU
	EndGlobalSection
	GlobalSection(SolutionProperties) = preSolution
		HideSolutionNode = FALSE
	EndGlobalSection
	GlobalSection(ExtensibilityGlobals) = postSolution
		SolutionGuid = {A87BED94-C765-4000-BB17-FED475270222}
	EndGlobalSection
EndGlobal
